
Microsoft Visual Studio Solution File, Format Version 12.00
# Visual Studio Version 17
VisualStudioVersion = 17.8.34525.116
MinimumVisualStudioVersion = 10.0.40219.1
Project("{FAE04EC0-301F-11D3-BF4B-00C04F79EFBC}") = "Homework_w14_4", "Homework_w14_4\Homework_w14_4.csproj", "{F993DB89-7CF6-4D51-A8BE-6B4E66F47FBE}"
EndProject
Global
	GlobalSection(SolutionConfigurationPlatforms) = preSolution
		Debug|Any CPU = Debug|Any CPU
		Release|Any CPU = Release|Any CPU
	EndGlobalSection
	GlobalSection(ProjectConfigurationPlatforms) = postSolution
		{F993DB89-7CF6-4D51-A8BE-6B4E66F47FBE}.Debug|Any CPU.ActiveCfg = Debug|Any CPU
		{F993DB89-7CF6-4D51-A8BE-6B4E66F47FBE}.Debug|Any CPU.Build.0 = Debug|Any CPU
		{F993DB89-7CF6-4D51-A8BE-6B4E66F47FBE}.Release|Any CPU.ActiveCfg = Release|Any CPU
		{F993DB89-7CF6-4D51-A8BE-6B4E66F47FBE}.Release|Any CPU.Build.0 = Release|Any CPU
	EndGlobalSection
	GlobalSection(SolutionProperties) = preSolution
		HideSolutionNode = FALSE
	EndGlobalSection
	GlobalSection(ExtensibilityGlobals) = postSolution
		SolutionGuid = {57634424-D89E-4BD1-8B18-89A46229F898}
	EndGlobalSection
EndGlobal
