
Microsoft Visual Studio Solution File, Format Version 12.00
# Visual Studio Version 17
VisualStudioVersion = 17.8.34525.116
MinimumVisualStudioVersion = 10.0.40219.1
Project("{FAE04EC0-301F-11D3-BF4B-00C04F79EFBC}") = "WindowsFormsApp1", "WindowsFormsApp1\WindowsFormsApp1.csproj", "{6CEA3722-8C9E-4492-96A6-12D4DBCF1F54}"
EndProject
Global
	GlobalSection(SolutionConfigurationPlatforms) = preSolution
		Debug|Any CPU = Debug|Any CPU
		Release|Any CPU = Release|Any CPU
	EndGlobalSection
	GlobalSection(ProjectConfigurationPlatforms) = postSolution
		{6CEA3722-8C9E-4492-96A6-12D4DBCF1F54}.Debug|Any CPU.ActiveCfg = Debug|Any CPU
		{6CEA3722-8C9E-4492-96A6-12D4DBCF1F54}.Debug|Any CPU.Build.0 = Debug|Any CPU
		{6CEA3722-8C9E-4492-96A6-12D4DBCF1F54}.Release|Any CPU.ActiveCfg = Release|Any CPU
		{6CEA3722-8C9E-4492-96A6-12D4DBCF1F54}.Release|Any CPU.Build.0 = Release|Any CPU
	EndGlobalSection
	GlobalSection(SolutionProperties) = preSolution
		HideSolutionNode = FALSE
	EndGlobalSection
	GlobalSection(ExtensibilityGlobals) = postSolution
		SolutionGuid = {4F69B5E8-EB5A-4AC1-8442-09DA28539D94}
	EndGlobalSection
EndGlobal
